
Microsoft Visual Studio Solution File, Format Version 12.00
# Visual Studio Version 17
VisualStudioVersion = 17.4.33205.214
MinimumVisualStudioVersion = 10.0.40219.1
Project("{9A19103F-16F7-4668-BE54-9A1E7A4F7556}") = "DatabaseMapper.Core", "DatabaseMapper\DatabaseMapper\DatabaseMapper.Core.csproj", "{7C33522B-4FE4-4333-83DE-DEF704A47D65}"
EndProject
Project("{9A19103F-16F7-4668-BE54-9A1E7A4F7556}") = "Tests", "Tests\Tests.csproj", "{5017D70E-102B-4597-9C27-385DA64B5986}"
EndProject
Project("{9A19103F-16F7-4668-BE54-9A1E7A4F7556}") = "DatabaseMapper.Console", "DatabaseMapper.Console\DatabaseMapper.Console\DatabaseMapper.Console.csproj", "{B7D5FEDF-00E2-4F00-A5EF-27AAFD55DF85}"
EndProject
Global
	GlobalSection(SolutionConfigurationPlatforms) = preSolution
		Debug|Any CPU = Debug|Any CPU
		Release|Any CPU = Release|Any CPU
	EndGlobalSection
	GlobalSection(ProjectConfigurationPlatforms) = postSolution
		{7C33522B-4FE4-4333-83DE-DEF704A47D65}.Debug|Any CPU.ActiveCfg = Release|Any CPU
		{7C33522B-4FE4-4333-83DE-DEF704A47D65}.Debug|Any CPU.Build.0 = Release|Any CPU
		{7C33522B-4FE4-4333-83DE-DEF704A47D65}.Release|Any CPU.ActiveCfg = Release|Any CPU
		{7C33522B-4FE4-4333-83DE-DEF704A47D65}.Release|Any CPU.Build.0 = Release|Any CPU
		{5017D70E-102B-4597-9C27-385DA64B5986}.Debug|Any CPU.ActiveCfg = Release|Any CPU
		{5017D70E-102B-4597-9C27-385DA64B5986}.Debug|Any CPU.Build.0 = Release|Any CPU
		{5017D70E-102B-4597-9C27-385DA64B5986}.Release|Any CPU.ActiveCfg = Release|Any CPU
		{5017D70E-102B-4597-9C27-385DA64B5986}.Release|Any CPU.Build.0 = Release|Any CPU
		{B7D5FEDF-00E2-4F00-A5EF-27AAFD55DF85}.Debug|Any CPU.ActiveCfg = Release|Any CPU
		{B7D5FEDF-00E2-4F00-A5EF-27AAFD55DF85}.Debug|Any CPU.Build.0 = Release|Any CPU
		{B7D5FEDF-00E2-4F00-A5EF-27AAFD55DF85}.Release|Any CPU.ActiveCfg = Release|Any CPU
		{B7D5FEDF-00E2-4F00-A5EF-27AAFD55DF85}.Release|Any CPU.Build.0 = Release|Any CPU
	EndGlobalSection
	GlobalSection(SolutionProperties) = preSolution
		HideSolutionNode = FALSE
	EndGlobalSection
	GlobalSection(ExtensibilityGlobals) = postSolution
		SolutionGuid = {EE308442-D111-4A83-9D81-C122C39C8FF6}
	EndGlobalSection
EndGlobal
