
Microsoft Visual Studio Solution File, Format Version 12.00
# Visual Studio Version 16
VisualStudioVersion = 16.0.33027.164
MinimumVisualStudioVersion = 10.0.40219.1
Project("{FAE04EC0-301F-11D3-BF4B-00C04F79EFBC}") = "DatabaseMapper", "DatabaseMapper\DatabaseMapper\DatabaseMapper.csproj", "{7C33522B-4FE4-4333-83DE-DEF704A47D65}"
EndProject
Project("{FAE04EC0-301F-11D3-BF4B-00C04F79EFBC}") = "Tests", "Tests\Tests.csproj", "{5017D70E-102B-4597-9C27-385DA64B5986}"
EndProject
Global
	GlobalSection(SolutionConfigurationPlatforms) = preSolution
		Debug|Any CPU = Debug|Any CPU
		Release|Any CPU = Release|Any CPU
	EndGlobalSection
	GlobalSection(ProjectConfigurationPlatforms) = postSolution
		{7C33522B-4FE4-4333-83DE-DEF704A47D65}.Debug|Any CPU.ActiveCfg = Debug|Any CPU
		{7C33522B-4FE4-4333-83DE-DEF704A47D65}.Debug|Any CPU.Build.0 = Debug|Any CPU
		{7C33522B-4FE4-4333-83DE-DEF704A47D65}.Release|Any CPU.ActiveCfg = Release|Any CPU
		{7C33522B-4FE4-4333-83DE-DEF704A47D65}.Release|Any CPU.Build.0 = Release|Any CPU
		{5017D70E-102B-4597-9C27-385DA64B5986}.Debug|Any CPU.ActiveCfg = Debug|Any CPU
		{5017D70E-102B-4597-9C27-385DA64B5986}.Debug|Any CPU.Build.0 = Debug|Any CPU
		{5017D70E-102B-4597-9C27-385DA64B5986}.Release|Any CPU.ActiveCfg = Release|Any CPU
		{5017D70E-102B-4597-9C27-385DA64B5986}.Release|Any CPU.Build.0 = Release|Any CPU
	EndGlobalSection
	GlobalSection(SolutionProperties) = preSolution
		HideSolutionNode = FALSE
	EndGlobalSection
	GlobalSection(ExtensibilityGlobals) = postSolution
		SolutionGuid = {EE308442-D111-4A83-9D81-C122C39C8FF6}
	EndGlobalSection
EndGlobal
